
Microsoft Visual Studio Solution File, Format Version 12.00
# Visual Studio Version 17
VisualStudioVersion = 17.14.36408.4 d17.14
MinimumVisualStudioVersion = 10.0.40219.1
Project("{FAE04EC0-301F-11D3-BF4B-00C04F79EFBC}") = "FxStudio", "FxStudio\FxStudio.csproj", "{1229ABCF-E497-4CFA-B093-F3FE1B752E0D}"
EndProject
Project("{FAE04EC0-301F-11D3-BF4B-00C04F79EFBC}") = "FxEngine", "FxEngine\FxEngine\FxEngine.csproj", "{2A7135BB-B387-2AD1-77FB-35715ED7AC18}"
EndProject
Global
	GlobalSection(SolutionConfigurationPlatforms) = preSolution
		Debug|Any CPU = Debug|Any CPU
		Release|Any CPU = Release|Any CPU
	EndGlobalSection
	GlobalSection(ProjectConfigurationPlatforms) = postSolution
		{1229ABCF-E497-4CFA-B093-F3FE1B752E0D}.Debug|Any CPU.ActiveCfg = Debug|Any CPU
		{1229ABCF-E497-4CFA-B093-F3FE1B752E0D}.Debug|Any CPU.Build.0 = Debug|Any CPU
		{1229ABCF-E497-4CFA-B093-F3FE1B752E0D}.Release|Any CPU.ActiveCfg = Release|Any CPU
		{1229ABCF-E497-4CFA-B093-F3FE1B752E0D}.Release|Any CPU.Build.0 = Release|Any CPU
		{2A7135BB-B387-2AD1-77FB-35715ED7AC18}.Debug|Any CPU.ActiveCfg = Debug|Any CPU
		{2A7135BB-B387-2AD1-77FB-35715ED7AC18}.Debug|Any CPU.Build.0 = Debug|Any CPU
		{2A7135BB-B387-2AD1-77FB-35715ED7AC18}.Release|Any CPU.ActiveCfg = Release|Any CPU
		{2A7135BB-B387-2AD1-77FB-35715ED7AC18}.Release|Any CPU.Build.0 = Release|Any CPU
	EndGlobalSection
	GlobalSection(SolutionProperties) = preSolution
		HideSolutionNode = FALSE
	EndGlobalSection
	GlobalSection(ExtensibilityGlobals) = postSolution
		SolutionGuid = {E717736B-F141-48CD-9003-6EA575D4B8D2}
	EndGlobalSection
EndGlobal
